
Microsoft Visual Studio Solution File, Format Version 12.00
# Visual Studio 2012
VisualStudioVersion = 12.0.31101.0
MinimumVisualStudioVersion = 10.0.40219.1
Project("{f2a71f9b-5d33-465a-a702-920d77279786}") = "RedditSteamBotCoreTest", "RedditSteamBotCoreTest\RedditSteamBotCoreTest.fsproj", "{9D78280A-CA62-4CB3-B97D-2B5C7A822B72}"
EndProject
Project("{f2a71f9b-5d33-465a-a702-920d77279786}") = "RedditSteamBot", "RedditSteamBot\RedditSteamBot.fsproj", "{E43AB1A5-284D-46A1-BDA1-77DCFE074F68}"
EndProject
Global
	GlobalSection(SolutionConfigurationPlatforms) = preSolution
		Debug|Any CPU = Debug|Any CPU
		Debug|Mixed Platforms = Debug|Mixed Platforms
		Debug|x86 = Debug|x86
		Release|Any CPU = Release|Any CPU
		Release|Mixed Platforms = Release|Mixed Platforms
		Release|x86 = Release|x86
	EndGlobalSection
	GlobalSection(ProjectConfigurationPlatforms) = postSolution
		{9D78280A-CA62-4CB3-B97D-2B5C7A822B72}.Debug|Any CPU.ActiveCfg = Debug|Any CPU
		{9D78280A-CA62-4CB3-B97D-2B5C7A822B72}.Debug|Any CPU.Build.0 = Debug|Any CPU
		{9D78280A-CA62-4CB3-B97D-2B5C7A822B72}.Debug|Mixed Platforms.ActiveCfg = Debug|Any CPU
		{9D78280A-CA62-4CB3-B97D-2B5C7A822B72}.Debug|Mixed Platforms.Build.0 = Debug|Any CPU
		{9D78280A-CA62-4CB3-B97D-2B5C7A822B72}.Debug|x86.ActiveCfg = Debug|Any CPU
		{9D78280A-CA62-4CB3-B97D-2B5C7A822B72}.Debug|x86.Build.0 = Debug|Any CPU
		{9D78280A-CA62-4CB3-B97D-2B5C7A822B72}.Release|Any CPU.ActiveCfg = Release|Any CPU
		{9D78280A-CA62-4CB3-B97D-2B5C7A822B72}.Release|Any CPU.Build.0 = Release|Any CPU
		{9D78280A-CA62-4CB3-B97D-2B5C7A822B72}.Release|Mixed Platforms.ActiveCfg = Release|Any CPU
		{9D78280A-CA62-4CB3-B97D-2B5C7A822B72}.Release|Mixed Platforms.Build.0 = Release|Any CPU
		{9D78280A-CA62-4CB3-B97D-2B5C7A822B72}.Release|x86.ActiveCfg = Release|Any CPU
		{9D78280A-CA62-4CB3-B97D-2B5C7A822B72}.Release|x86.Build.0 = Release|Any CPU
		{E43AB1A5-284D-46A1-BDA1-77DCFE074F68}.Debug|Any CPU.ActiveCfg = Debug|Any CPU
		{E43AB1A5-284D-46A1-BDA1-77DCFE074F68}.Debug|Any CPU.Build.0 = Debug|Any CPU
		{E43AB1A5-284D-46A1-BDA1-77DCFE074F68}.Debug|Mixed Platforms.ActiveCfg = Debug|Any CPU
		{E43AB1A5-284D-46A1-BDA1-77DCFE074F68}.Debug|Mixed Platforms.Build.0 = Debug|Any CPU
		{E43AB1A5-284D-46A1-BDA1-77DCFE074F68}.Debug|x86.ActiveCfg = Debug|Any CPU
		{E43AB1A5-284D-46A1-BDA1-77DCFE074F68}.Debug|x86.Build.0 = Debug|Any CPU
		{E43AB1A5-284D-46A1-BDA1-77DCFE074F68}.Release|Any CPU.ActiveCfg = Release|Any CPU
		{E43AB1A5-284D-46A1-BDA1-77DCFE074F68}.Release|Any CPU.Build.0 = Release|Any CPU
		{E43AB1A5-284D-46A1-BDA1-77DCFE074F68}.Release|Mixed Platforms.ActiveCfg = Release|Any CPU
		{E43AB1A5-284D-46A1-BDA1-77DCFE074F68}.Release|Mixed Platforms.Build.0 = Release|Any CPU
		{E43AB1A5-284D-46A1-BDA1-77DCFE074F68}.Release|x86.ActiveCfg = Release|Any CPU
		{E43AB1A5-284D-46A1-BDA1-77DCFE074F68}.Release|x86.Build.0 = Release|Any CPU
	EndGlobalSection
	GlobalSection(SolutionProperties) = preSolution
		HideSolutionNode = FALSE
	EndGlobalSection
EndGlobal
